
Microsoft Visual Studio Solution File, Format Version 12.00
# Visual Studio Version 17
VisualStudioVersion = 17.9.34902.65
MinimumVisualStudioVersion = 10.0.40219.1
Project("{FAE04EC0-301F-11D3-BF4B-00C04F79EFBC}") = "Calculator", "Calculator\Calculator.csproj", "{110D96E1-169A-4F5A-8A94-BCBE7FE33F15}"
EndProject
Project("{FAE04EC0-301F-11D3-BF4B-00C04F79EFBC}") = "MathEx", "..\..\1st_Class\MathEx\MathEx\MathEx.csproj", "{5936B0F7-5068-49A3-A30B-9F598609128C}"
EndProject
Global
	GlobalSection(SolutionConfigurationPlatforms) = preSolution
		Debug|Any CPU = Debug|Any CPU
		Release|Any CPU = Release|Any CPU
	EndGlobalSection
	GlobalSection(ProjectConfigurationPlatforms) = postSolution
		{110D96E1-169A-4F5A-8A94-BCBE7FE33F15}.Debug|Any CPU.ActiveCfg = Debug|Any CPU
		{110D96E1-169A-4F5A-8A94-BCBE7FE33F15}.Debug|Any CPU.Build.0 = Debug|Any CPU
		{110D96E1-169A-4F5A-8A94-BCBE7FE33F15}.Release|Any CPU.ActiveCfg = Release|Any CPU
		{110D96E1-169A-4F5A-8A94-BCBE7FE33F15}.Release|Any CPU.Build.0 = Release|Any CPU
		{5936B0F7-5068-49A3-A30B-9F598609128C}.Debug|Any CPU.ActiveCfg = Debug|Any CPU
		{5936B0F7-5068-49A3-A30B-9F598609128C}.Debug|Any CPU.Build.0 = Debug|Any CPU
		{5936B0F7-5068-49A3-A30B-9F598609128C}.Release|Any CPU.ActiveCfg = Release|Any CPU
		{5936B0F7-5068-49A3-A30B-9F598609128C}.Release|Any CPU.Build.0 = Release|Any CPU
	EndGlobalSection
	GlobalSection(SolutionProperties) = preSolution
		HideSolutionNode = FALSE
	EndGlobalSection
	GlobalSection(ExtensibilityGlobals) = postSolution
		SolutionGuid = {247403B7-CEB6-4A7D-9D8C-0C386A76D702}
	EndGlobalSection
EndGlobal
