
Microsoft Visual Studio Solution File, Format Version 12.00
# Visual Studio Version 17
VisualStudioVersion = 17.9.34902.65
MinimumVisualStudioVersion = 10.0.40219.1
Project("{FAE04EC0-301F-11D3-BF4B-00C04F79EFBC}") = "Fibonacci", "Fibonacci\Fibonacci.csproj", "{C5D8C758-5AAA-470A-A7EE-0AE8A8B24694}"
EndProject
Global
	GlobalSection(SolutionConfigurationPlatforms) = preSolution
		Debug|Any CPU = Debug|Any CPU
		Release|Any CPU = Release|Any CPU
	EndGlobalSection
	GlobalSection(ProjectConfigurationPlatforms) = postSolution
		{C5D8C758-5AAA-470A-A7EE-0AE8A8B24694}.Debug|Any CPU.ActiveCfg = Debug|Any CPU
		{C5D8C758-5AAA-470A-A7EE-0AE8A8B24694}.Debug|Any CPU.Build.0 = Debug|Any CPU
		{C5D8C758-5AAA-470A-A7EE-0AE8A8B24694}.Release|Any CPU.ActiveCfg = Release|Any CPU
		{C5D8C758-5AAA-470A-A7EE-0AE8A8B24694}.Release|Any CPU.Build.0 = Release|Any CPU
	EndGlobalSection
	GlobalSection(SolutionProperties) = preSolution
		HideSolutionNode = FALSE
	EndGlobalSection
	GlobalSection(ExtensibilityGlobals) = postSolution
		SolutionGuid = {FDC68F04-D587-426A-9615-99A146992F10}
	EndGlobalSection
EndGlobal
