
Microsoft Visual Studio Solution File, Format Version 12.00
# Visual Studio Version 17
VisualStudioVersion = 17.9.34728.123
MinimumVisualStudioVersion = 10.0.40219.1
Project("{FAE04EC0-301F-11D3-BF4B-00C04F79EFBC}") = "3.1", "3.1\3.1.csproj", "{C19AA69E-6FCB-4394-86EE-B327C696CC6F}"
EndProject
Global
	GlobalSection(SolutionConfigurationPlatforms) = preSolution
		Debug|Any CPU = Debug|Any CPU
		Release|Any CPU = Release|Any CPU
	EndGlobalSection
	GlobalSection(ProjectConfigurationPlatforms) = postSolution
		{C19AA69E-6FCB-4394-86EE-B327C696CC6F}.Debug|Any CPU.ActiveCfg = Debug|Any CPU
		{C19AA69E-6FCB-4394-86EE-B327C696CC6F}.Debug|Any CPU.Build.0 = Debug|Any CPU
		{C19AA69E-6FCB-4394-86EE-B327C696CC6F}.Release|Any CPU.ActiveCfg = Release|Any CPU
		{C19AA69E-6FCB-4394-86EE-B327C696CC6F}.Release|Any CPU.Build.0 = Release|Any CPU
	EndGlobalSection
	GlobalSection(SolutionProperties) = preSolution
		HideSolutionNode = FALSE
	EndGlobalSection
	GlobalSection(ExtensibilityGlobals) = postSolution
		SolutionGuid = {92D73E7E-E3D5-4190-99D1-51A8EF5F8238}
	EndGlobalSection
EndGlobal
