
Microsoft Visual Studio Solution File, Format Version 12.00
# Visual Studio Version 17
VisualStudioVersion = 17.9.34728.123
MinimumVisualStudioVersion = 10.0.40219.1
Project("{FAE04EC0-301F-11D3-BF4B-00C04F79EFBC}") = "Mod2", "Mod2\Mod2.csproj", "{29AA810E-5C2C-4D6B-8940-2F8A41C0D71F}"
EndProject
Global
	GlobalSection(SolutionConfigurationPlatforms) = preSolution
		Debug|Any CPU = Debug|Any CPU
		Release|Any CPU = Release|Any CPU
	EndGlobalSection
	GlobalSection(ProjectConfigurationPlatforms) = postSolution
		{29AA810E-5C2C-4D6B-8940-2F8A41C0D71F}.Debug|Any CPU.ActiveCfg = Debug|Any CPU
		{29AA810E-5C2C-4D6B-8940-2F8A41C0D71F}.Debug|Any CPU.Build.0 = Debug|Any CPU
		{29AA810E-5C2C-4D6B-8940-2F8A41C0D71F}.Release|Any CPU.ActiveCfg = Release|Any CPU
		{29AA810E-5C2C-4D6B-8940-2F8A41C0D71F}.Release|Any CPU.Build.0 = Release|Any CPU
	EndGlobalSection
	GlobalSection(SolutionProperties) = preSolution
		HideSolutionNode = FALSE
	EndGlobalSection
	GlobalSection(ExtensibilityGlobals) = postSolution
		SolutionGuid = {E1C68F28-7F76-4EFA-9499-1155EF9C3A56}
	EndGlobalSection
EndGlobal
