
Microsoft Visual Studio Solution File, Format Version 12.00
# Visual Studio Version 17
VisualStudioVersion = 17.9.34902.65
MinimumVisualStudioVersion = 10.0.40219.1
Project("{FAE04EC0-301F-11D3-BF4B-00C04F79EFBC}") = "CustomExceptions", "CustomExceptions\CustomExceptions.csproj", "{1DA22299-DBF5-461E-BE39-592DCADBBF00}"
EndProject
Global
	GlobalSection(SolutionConfigurationPlatforms) = preSolution
		Debug|Any CPU = Debug|Any CPU
		Release|Any CPU = Release|Any CPU
	EndGlobalSection
	GlobalSection(ProjectConfigurationPlatforms) = postSolution
		{1DA22299-DBF5-461E-BE39-592DCADBBF00}.Debug|Any CPU.ActiveCfg = Debug|Any CPU
		{1DA22299-DBF5-461E-BE39-592DCADBBF00}.Debug|Any CPU.Build.0 = Debug|Any CPU
		{1DA22299-DBF5-461E-BE39-592DCADBBF00}.Release|Any CPU.ActiveCfg = Release|Any CPU
		{1DA22299-DBF5-461E-BE39-592DCADBBF00}.Release|Any CPU.Build.0 = Release|Any CPU
	EndGlobalSection
	GlobalSection(SolutionProperties) = preSolution
		HideSolutionNode = FALSE
	EndGlobalSection
	GlobalSection(ExtensibilityGlobals) = postSolution
		SolutionGuid = {C45B1463-D52D-4161-A8A9-CC814AE3DE76}
	EndGlobalSection
EndGlobal
