
Microsoft Visual Studio Solution File, Format Version 12.00
# Visual Studio Version 17
VisualStudioVersion = 17.9.34902.65
MinimumVisualStudioVersion = 10.0.40219.1
Project("{FAE04EC0-301F-11D3-BF4B-00C04F79EFBC}") = "6.4", "6.4\6.4.csproj", "{5FC29397-C360-49E2-938E-1A036D90E9A0}"
EndProject
Global
	GlobalSection(SolutionConfigurationPlatforms) = preSolution
		Debug|Any CPU = Debug|Any CPU
		Release|Any CPU = Release|Any CPU
	EndGlobalSection
	GlobalSection(ProjectConfigurationPlatforms) = postSolution
		{5FC29397-C360-49E2-938E-1A036D90E9A0}.Debug|Any CPU.ActiveCfg = Debug|Any CPU
		{5FC29397-C360-49E2-938E-1A036D90E9A0}.Debug|Any CPU.Build.0 = Debug|Any CPU
		{5FC29397-C360-49E2-938E-1A036D90E9A0}.Release|Any CPU.ActiveCfg = Release|Any CPU
		{5FC29397-C360-49E2-938E-1A036D90E9A0}.Release|Any CPU.Build.0 = Release|Any CPU
	EndGlobalSection
	GlobalSection(SolutionProperties) = preSolution
		HideSolutionNode = FALSE
	EndGlobalSection
	GlobalSection(ExtensibilityGlobals) = postSolution
		SolutionGuid = {616B6B54-D521-46EA-866D-19A9196ABDFE}
	EndGlobalSection
EndGlobal
