
Microsoft Visual Studio Solution File, Format Version 12.00
# Visual Studio Version 17
VisualStudioVersion = 17.9.34902.65
MinimumVisualStudioVersion = 10.0.40219.1
Project("{FAE04EC0-301F-11D3-BF4B-00C04F79EFBC}") = "6.3", "6.3\6.3.csproj", "{91D3C309-B625-4926-ABC5-649DF4FFB19D}"
EndProject
Global
	GlobalSection(SolutionConfigurationPlatforms) = preSolution
		Debug|Any CPU = Debug|Any CPU
		Release|Any CPU = Release|Any CPU
	EndGlobalSection
	GlobalSection(ProjectConfigurationPlatforms) = postSolution
		{91D3C309-B625-4926-ABC5-649DF4FFB19D}.Debug|Any CPU.ActiveCfg = Debug|Any CPU
		{91D3C309-B625-4926-ABC5-649DF4FFB19D}.Debug|Any CPU.Build.0 = Debug|Any CPU
		{91D3C309-B625-4926-ABC5-649DF4FFB19D}.Release|Any CPU.ActiveCfg = Release|Any CPU
		{91D3C309-B625-4926-ABC5-649DF4FFB19D}.Release|Any CPU.Build.0 = Release|Any CPU
	EndGlobalSection
	GlobalSection(SolutionProperties) = preSolution
		HideSolutionNode = FALSE
	EndGlobalSection
	GlobalSection(ExtensibilityGlobals) = postSolution
		SolutionGuid = {641DE29C-91C1-405A-A3F0-E08039F0041E}
	EndGlobalSection
EndGlobal
