
Microsoft Visual Studio Solution File, Format Version 12.00
# Visual Studio Version 17
VisualStudioVersion = 17.9.34902.65
MinimumVisualStudioVersion = 10.0.40219.1
Project("{FAE04EC0-301F-11D3-BF4B-00C04F79EFBC}") = "3.2", "3.2\3.2.csproj", "{9B666F5B-C37F-4771-BE96-8500F7E3683D}"
EndProject
Global
	GlobalSection(SolutionConfigurationPlatforms) = preSolution
		Debug|Any CPU = Debug|Any CPU
		Release|Any CPU = Release|Any CPU
	EndGlobalSection
	GlobalSection(ProjectConfigurationPlatforms) = postSolution
		{9B666F5B-C37F-4771-BE96-8500F7E3683D}.Debug|Any CPU.ActiveCfg = Debug|Any CPU
		{9B666F5B-C37F-4771-BE96-8500F7E3683D}.Debug|Any CPU.Build.0 = Debug|Any CPU
		{9B666F5B-C37F-4771-BE96-8500F7E3683D}.Release|Any CPU.ActiveCfg = Release|Any CPU
		{9B666F5B-C37F-4771-BE96-8500F7E3683D}.Release|Any CPU.Build.0 = Release|Any CPU
	EndGlobalSection
	GlobalSection(SolutionProperties) = preSolution
		HideSolutionNode = FALSE
	EndGlobalSection
	GlobalSection(ExtensibilityGlobals) = postSolution
		SolutionGuid = {D75C4C03-8502-429E-ACC2-D6A93556DAFA}
	EndGlobalSection
EndGlobal
